{
  "version": 4,
  "terraform_version": "1.13.4",
  "serial": 59,
  "lineage": "38e9e9bc-aad9-0ef5-3c03-fd4d37eb086f",
  "outputs": {
    "public_ip": {
      "value": "20.162.224.29",
      "type": "string"
    }
  },
  "resources": [
    {
      "mode": "managed",
      "type": "azurerm_linux_virtual_machine",
      "name": "vm",
      "provider": "provider[\"registry.terraform.io/hashicorp/azurerm\"]",
      "instances": [
        {
          "schema_version": 0,
          "attributes": {
            "additional_capabilities": [],
            "admin_password": null,
            "admin_ssh_key": [
              {
                "public_key": "ssh-rsa AAAAB3NzaC1yc2EAAAADAQABAAACAQDe40S6wh/gkubtJaX2ZxbhFrmG3S7//a5B50BcUo39IJNFhFcOiuK/TvcYkyCB5uVPzjTozdHJ77vrA3NpwGAvZgXMDagEShQVXtFnhZluiiALLRZrwCZXoAMAh8Pt382qcWqu4J0PF1CZnO9/huO61O3LxMj/OhbuqPXsF7+TtdwTxySWx3FuEl/iUTb1+CbzYc92s44NiZUh+0zaVrfmj3tsOz5KkVFH9zMh4bY57dW3PN7DxpcEgOGKxjkgNPUtaKVwMN+4thtZiO1kQ+E64T/1F/qOr8wqFsbfchtvSPnhlSxxJXV5AOQH7XPrbk1534DAZsNZajBd+4J0/iJCGGsi5EpLwZa/dbS1mlkL0KE+17Kz8wbnvRj17LbBJMd2ScUzgKyQ88f41CGqx220WSsoFHrBzyxOoBLzWcDDdrWHI62ITmI4xOvKg6w4Vc+wLk5JIVG/sRt17XgkLok67IKHrgRYhN9pGJlqXshbgaWFTQADXF6np7/0m6m+9ixVuKcdv1J8oUC2wPIr4PJDyq2oDHG8aizMtwYz4J0y3b44Jot8JgnZ/yGkFi7CmwZI14BlGalos6wxD1cQi2P9keNC7pYzLe/Rq0TuxwAC/JsFxb+n0BaGxLfDPVYJnq/tmBWHT/ev/qmlEo5yEhTvPc6nGl7BceWGQepiFds9TQ== azureuser\n",
                "username": "azureuser"
              }
            ],
            "admin_username": "azureuser",
            "allow_extension_operations": true,
            "availability_set_id": "",
            "boot_diagnostics": [],
            "bypass_platform_safety_checks_on_user_schedule_enabled": false,
            "capacity_reservation_group_id": "",
            "computer_name": "mini-finance-vm",
            "custom_data": null,
            "dedicated_host_group_id": "",
            "dedicated_host_id": "",
            "disable_password_authentication": true,
            "edge_zone": "",
            "encryption_at_host_enabled": false,
            "eviction_policy": "",
            "extensions_time_budget": "PT1H30M",
            "gallery_application": [],
            "id": "/subscriptions/a0cbe0a4-e585-4e94-b04a-15f8e68d5d7a/resourceGroups/mini-finance-rg/providers/Microsoft.Compute/virtualMachines/mini-finance-vm",
            "identity": [],
            "license_type": "",
            "location": "uksouth",
            "max_bid_price": -1,
            "name": "mini-finance-vm",
            "network_interface_ids": [
              "/subscriptions/a0cbe0a4-e585-4e94-b04a-15f8e68d5d7a/resourceGroups/mini-finance-rg/providers/Microsoft.Network/networkInterfaces/mini-finance-nic"
            ],
            "os_disk": [
              {
                "caching": "ReadWrite",
                "diff_disk_settings": [],
                "disk_encryption_set_id": "",
                "disk_size_gb": 30,
                "name": "mini-finance-vm_OsDisk_1_9d21fd1ecd8349c099d6f94235a1e71b",
                "secure_vm_disk_encryption_set_id": "",
                "security_encryption_type": "",
                "storage_account_type": "Standard_LRS",
                "write_accelerator_enabled": false
              }
            ],
            "patch_assessment_mode": "ImageDefault",
            "patch_mode": "ImageDefault",
            "plan": [],
            "platform_fault_domain": -1,
            "priority": "Regular",
            "private_ip_address": "10.0.1.4",
            "private_ip_addresses": [
              "10.0.1.4"
            ],
            "provision_vm_agent": true,
            "proximity_placement_group_id": "",
            "public_ip_address": "20.162.224.29",
            "public_ip_addresses": [
              "20.162.224.29"
            ],
            "reboot_setting": "",
            "resource_group_name": "mini-finance-rg",
            "secret": [],
            "secure_boot_enabled": false,
            "size": "Standard_B1s",
            "source_image_id": "",
            "source_image_reference": [
              {
                "offer": "0001-com-ubuntu-server-jammy",
                "publisher": "Canonical",
                "sku": "22_04-lts",
                "version": "latest"
              }
            ],
            "tags": {},
            "termination_notification": [],
            "timeouts": null,
            "user_data": "",
            "virtual_machine_id": "ca38d12c-02cb-4159-b7fd-91d2a21fd732",
            "virtual_machine_scale_set_id": "",
            "vtpm_enabled": false,
            "zone": ""
          },
          "sensitive_attributes": [
            [
              {
                "type": "get_attr",
                "value": "admin_password"
              }
            ],
            [
              {
                "type": "get_attr",
                "value": "custom_data"
              }
            ]
          ],
          "identity_schema_version": 0,
          "private": "eyJlMmJmYjczMC1lY2FhLTExZTYtOGY4OC0zNDM2M2JjN2M0YzAiOnsiY3JlYXRlIjoyNzAwMDAwMDAwMDAwLCJkZWxldGUiOjI3MDAwMDAwMDAwMDAsInJlYWQiOjMwMDAwMDAwMDAwMCwidXBkYXRlIjoyNzAwMDAwMDAwMDAwfX0=",
          "dependencies": [
            "azurerm_network_interface.nic",
            "azurerm_public_ip.pub",
            "azurerm_resource_group.rg",
            "azurerm_subnet.subnet",
            "azurerm_virtual_network.vnet"
          ]
        }
      ]
    },
    {
      "mode": "managed",
      "type": "azurerm_network_interface",
      "name": "nic",
      "provider": "provider[\"registry.terraform.io/hashicorp/azurerm\"]",
      "instances": [
        {
          "schema_version": 0,
          "attributes": {
            "applied_dns_servers": [],
            "auxiliary_mode": "",
            "auxiliary_sku": "",
            "dns_servers": [],
            "edge_zone": "",
            "enable_accelerated_networking": false,
            "enable_ip_forwarding": false,
            "id": "/subscriptions/a0cbe0a4-e585-4e94-b04a-15f8e68d5d7a/resourceGroups/mini-finance-rg/providers/Microsoft.Network/networkInterfaces/mini-finance-nic",
            "internal_dns_name_label": "",
            "internal_domain_name_suffix": "",
            "ip_configuration": [
              {
                "gateway_load_balancer_frontend_ip_configuration_id": "",
                "name": "internal",
                "primary": true,
                "private_ip_address": "10.0.1.4",
                "private_ip_address_allocation": "Dynamic",
                "private_ip_address_version": "IPv4",
                "public_ip_address_id": "/subscriptions/a0cbe0a4-e585-4e94-b04a-15f8e68d5d7a/resourceGroups/mini-finance-rg/providers/Microsoft.Network/publicIPAddresses/mini-finance-pip",
                "subnet_id": "/subscriptions/a0cbe0a4-e585-4e94-b04a-15f8e68d5d7a/resourceGroups/mini-finance-rg/providers/Microsoft.Network/virtualNetworks/mini-finance-vnet/subnets/mini-finance-subnet"
              }
            ],
            "location": "uksouth",
            "mac_address": "00-22-48-41-A7-1F",
            "name": "mini-finance-nic",
            "private_ip_address": "10.0.1.4",
            "private_ip_addresses": [
              "10.0.1.4"
            ],
            "resource_group_name": "mini-finance-rg",
            "tags": {},
            "timeouts": null,
            "virtual_machine_id": "/subscriptions/a0cbe0a4-e585-4e94-b04a-15f8e68d5d7a/resourceGroups/mini-finance-rg/providers/Microsoft.Compute/virtualMachines/mini-finance-vm"
          },
          "sensitive_attributes": [],
          "identity_schema_version": 0,
          "private": "eyJlMmJmYjczMC1lY2FhLTExZTYtOGY4OC0zNDM2M2JjN2M0YzAiOnsiY3JlYXRlIjoxODAwMDAwMDAwMDAwLCJkZWxldGUiOjE4MDAwMDAwMDAwMDAsInJlYWQiOjMwMDAwMDAwMDAwMCwidXBkYXRlIjoxODAwMDAwMDAwMDAwfSwic2NoZW1hX3ZlcnNpb24iOiIwIn0=",
          "dependencies": [
            "azurerm_public_ip.pub",
            "azurerm_resource_group.rg",
            "azurerm_subnet.subnet",
            "azurerm_virtual_network.vnet"
          ]
        }
      ]
    },
    {
      "mode": "managed",
      "type": "azurerm_network_security_group",
      "name": "nsg",
      "provider": "provider[\"registry.terraform.io/hashicorp/azurerm\"]",
      "instances": [
        {
          "schema_version": 0,
          "attributes": {
            "id": "/subscriptions/a0cbe0a4-e585-4e94-b04a-15f8e68d5d7a/resourceGroups/mini-finance-rg/providers/Microsoft.Network/networkSecurityGroups/mini-finance-nsg",
            "location": "uksouth",
            "name": "mini-finance-nsg",
            "resource_group_name": "mini-finance-rg",
            "security_rule": [
              {
                "access": "Allow",
                "description": "",
                "destination_address_prefix": "*",
                "destination_address_prefixes": [],
                "destination_application_security_group_ids": [],
                "destination_port_range": "22",
                "destination_port_ranges": [],
                "direction": "Inbound",
                "name": "SSH",
                "priority": 100,
                "protocol": "Tcp",
                "source_address_prefix": "*",
                "source_address_prefixes": [],
                "source_application_security_group_ids": [],
                "source_port_range": "*",
                "source_port_ranges": []
              },
              {
                "access": "Allow",
                "description": "",
                "destination_address_prefix": "*",
                "destination_address_prefixes": [],
                "destination_application_security_group_ids": [],
                "destination_port_range": "80",
                "destination_port_ranges": [],
                "direction": "Inbound",
                "name": "HTTP",
                "priority": 200,
                "protocol": "Tcp",
                "source_address_prefix": "*",
                "source_address_prefixes": [],
                "source_application_security_group_ids": [],
                "source_port_range": "*",
                "source_port_ranges": []
              }
            ],
            "tags": {},
            "timeouts": null
          },
          "sensitive_attributes": [],
          "identity_schema_version": 0,
          "private": "eyJlMmJmYjczMC1lY2FhLTExZTYtOGY4OC0zNDM2M2JjN2M0YzAiOnsiY3JlYXRlIjoxODAwMDAwMDAwMDAwLCJkZWxldGUiOjE4MDAwMDAwMDAwMDAsInJlYWQiOjMwMDAwMDAwMDAwMCwidXBkYXRlIjoxODAwMDAwMDAwMDAwfSwic2NoZW1hX3ZlcnNpb24iOiIwIn0=",
          "dependencies": [
            "azurerm_resource_group.rg"
          ]
        }
      ]
    },
    {
      "mode": "managed",
      "type": "azurerm_network_security_rule",
      "name": "http",
      "provider": "provider[\"registry.terraform.io/hashicorp/azurerm\"]",
      "instances": [
        {
          "schema_version": 0,
          "attributes": {
            "access": "Allow",
            "description": "",
            "destination_address_prefix": "*",
            "destination_address_prefixes": [],
            "destination_application_security_group_ids": [],
            "destination_port_range": "80",
            "destination_port_ranges": [],
            "direction": "Inbound",
            "id": "/subscriptions/a0cbe0a4-e585-4e94-b04a-15f8e68d5d7a/resourceGroups/mini-finance-rg/providers/Microsoft.Network/networkSecurityGroups/mini-finance-nsg/securityRules/HTTP",
            "name": "HTTP",
            "network_security_group_name": "mini-finance-nsg",
            "priority": 200,
            "protocol": "Tcp",
            "resource_group_name": "mini-finance-rg",
            "source_address_prefix": "*",
            "source_address_prefixes": [],
            "source_application_security_group_ids": [],
            "source_port_range": "*",
            "source_port_ranges": [],
            "timeouts": null
          },
          "sensitive_attributes": [],
          "identity_schema_version": 0,
          "private": "eyJlMmJmYjczMC1lY2FhLTExZTYtOGY4OC0zNDM2M2JjN2M0YzAiOnsiY3JlYXRlIjoxODAwMDAwMDAwMDAwLCJkZWxldGUiOjE4MDAwMDAwMDAwMDAsInJlYWQiOjMwMDAwMDAwMDAwMCwidXBkYXRlIjoxODAwMDAwMDAwMDAwfSwic2NoZW1hX3ZlcnNpb24iOiIwIn0=",
          "dependencies": [
            "azurerm_network_security_group.nsg",
            "azurerm_resource_group.rg"
          ]
        }
      ]
    },
    {
      "mode": "managed",
      "type": "azurerm_network_security_rule",
      "name": "ssh",
      "provider": "provider[\"registry.terraform.io/hashicorp/azurerm\"]",
      "instances": [
        {
          "schema_version": 0,
          "attributes": {
            "access": "Allow",
            "description": "",
            "destination_address_prefix": "*",
            "destination_address_prefixes": [],
            "destination_application_security_group_ids": [],
            "destination_port_range": "22",
            "destination_port_ranges": [],
            "direction": "Inbound",
            "id": "/subscriptions/a0cbe0a4-e585-4e94-b04a-15f8e68d5d7a/resourceGroups/mini-finance-rg/providers/Microsoft.Network/networkSecurityGroups/mini-finance-nsg/securityRules/SSH",
            "name": "SSH",
            "network_security_group_name": "mini-finance-nsg",
            "priority": 100,
            "protocol": "Tcp",
            "resource_group_name": "mini-finance-rg",
            "source_address_prefix": "*",
            "source_address_prefixes": [],
            "source_application_security_group_ids": [],
            "source_port_range": "*",
            "source_port_ranges": [],
            "timeouts": null
          },
          "sensitive_attributes": [],
          "identity_schema_version": 0,
          "private": "eyJlMmJmYjczMC1lY2FhLTExZTYtOGY4OC0zNDM2M2JjN2M0YzAiOnsiY3JlYXRlIjoxODAwMDAwMDAwMDAwLCJkZWxldGUiOjE4MDAwMDAwMDAwMDAsInJlYWQiOjMwMDAwMDAwMDAwMCwidXBkYXRlIjoxODAwMDAwMDAwMDAwfSwic2NoZW1hX3ZlcnNpb24iOiIwIn0=",
          "dependencies": [
            "azurerm_network_security_group.nsg",
            "azurerm_resource_group.rg"
          ]
        }
      ]
    },
    {
      "mode": "managed",
      "type": "azurerm_public_ip",
      "name": "pub",
      "provider": "provider[\"registry.terraform.io/hashicorp/azurerm\"]",
      "instances": [
        {
          "schema_version": 0,
          "attributes": {
            "allocation_method": "Static",
            "ddos_protection_mode": "VirtualNetworkInherited",
            "ddos_protection_plan_id": null,
            "domain_name_label": null,
            "edge_zone": "",
            "fqdn": null,
            "id": "/subscriptions/a0cbe0a4-e585-4e94-b04a-15f8e68d5d7a/resourceGroups/mini-finance-rg/providers/Microsoft.Network/publicIPAddresses/mini-finance-pip",
            "idle_timeout_in_minutes": 4,
            "ip_address": "20.162.224.29",
            "ip_tags": {},
            "ip_version": "IPv4",
            "location": "uksouth",
            "name": "mini-finance-pip",
            "public_ip_prefix_id": null,
            "resource_group_name": "mini-finance-rg",
            "reverse_fqdn": null,
            "sku": "Standard",
            "sku_tier": "Regional",
            "tags": {},
            "timeouts": null,
            "zones": []
          },
          "sensitive_attributes": [],
          "identity_schema_version": 0,
          "private": "eyJlMmJmYjczMC1lY2FhLTExZTYtOGY4OC0zNDM2M2JjN2M0YzAiOnsiY3JlYXRlIjoxODAwMDAwMDAwMDAwLCJkZWxldGUiOjE4MDAwMDAwMDAwMDAsInJlYWQiOjMwMDAwMDAwMDAwMCwidXBkYXRlIjoxODAwMDAwMDAwMDAwfSwic2NoZW1hX3ZlcnNpb24iOiIwIn0=",
          "dependencies": [
            "azurerm_resource_group.rg"
          ]
        }
      ]
    },
    {
      "mode": "managed",
      "type": "azurerm_resource_group",
      "name": "rg",
      "provider": "provider[\"registry.terraform.io/hashicorp/azurerm\"]",
      "instances": [
        {
          "schema_version": 0,
          "attributes": {
            "id": "/subscriptions/a0cbe0a4-e585-4e94-b04a-15f8e68d5d7a/resourceGroups/mini-finance-rg",
            "location": "uksouth",
            "managed_by": "",
            "name": "mini-finance-rg",
            "tags": {},
            "timeouts": null
          },
          "sensitive_attributes": [],
          "identity_schema_version": 0,
          "private": "eyJlMmJmYjczMC1lY2FhLTExZTYtOGY4OC0zNDM2M2JjN2M0YzAiOnsiY3JlYXRlIjo1NDAwMDAwMDAwMDAwLCJkZWxldGUiOjU0MDAwMDAwMDAwMDAsInJlYWQiOjMwMDAwMDAwMDAwMCwidXBkYXRlIjo1NDAwMDAwMDAwMDAwfSwic2NoZW1hX3ZlcnNpb24iOiIwIn0="
        }
      ]
    },
    {
      "mode": "managed",
      "type": "azurerm_subnet",
      "name": "subnet",
      "provider": "provider[\"registry.terraform.io/hashicorp/azurerm\"]",
      "instances": [
        {
          "schema_version": 0,
          "attributes": {
            "address_prefixes": [
              "10.0.1.0/24"
            ],
            "delegation": [],
            "enforce_private_link_endpoint_network_policies": true,
            "enforce_private_link_service_network_policies": false,
            "id": "/subscriptions/a0cbe0a4-e585-4e94-b04a-15f8e68d5d7a/resourceGroups/mini-finance-rg/providers/Microsoft.Network/virtualNetworks/mini-finance-vnet/subnets/mini-finance-subnet",
            "name": "mini-finance-subnet",
            "private_endpoint_network_policies_enabled": false,
            "private_link_service_network_policies_enabled": true,
            "resource_group_name": "mini-finance-rg",
            "service_endpoint_policy_ids": [],
            "service_endpoints": [],
            "timeouts": null,
            "virtual_network_name": "mini-finance-vnet"
          },
          "sensitive_attributes": [],
          "identity_schema_version": 0,
          "private": "eyJlMmJmYjczMC1lY2FhLTExZTYtOGY4OC0zNDM2M2JjN2M0YzAiOnsiY3JlYXRlIjoxODAwMDAwMDAwMDAwLCJkZWxldGUiOjE4MDAwMDAwMDAwMDAsInJlYWQiOjMwMDAwMDAwMDAwMCwidXBkYXRlIjoxODAwMDAwMDAwMDAwfSwic2NoZW1hX3ZlcnNpb24iOiIwIn0=",
          "dependencies": [
            "azurerm_resource_group.rg",
            "azurerm_virtual_network.vnet"
          ]
        }
      ]
    },
    {
      "mode": "managed",
      "type": "azurerm_subnet_network_security_group_association",
      "name": "subnet_nsg_assoc",
      "provider": "provider[\"registry.terraform.io/hashicorp/azurerm\"]",
      "instances": [
        {
          "schema_version": 0,
          "attributes": {
            "id": "/subscriptions/a0cbe0a4-e585-4e94-b04a-15f8e68d5d7a/resourceGroups/mini-finance-rg/providers/Microsoft.Network/virtualNetworks/mini-finance-vnet/subnets/mini-finance-subnet",
            "network_security_group_id": "/subscriptions/a0cbe0a4-e585-4e94-b04a-15f8e68d5d7a/resourceGroups/mini-finance-rg/providers/Microsoft.Network/networkSecurityGroups/mini-finance-nsg",
            "subnet_id": "/subscriptions/a0cbe0a4-e585-4e94-b04a-15f8e68d5d7a/resourceGroups/mini-finance-rg/providers/Microsoft.Network/virtualNetworks/mini-finance-vnet/subnets/mini-finance-subnet",
            "timeouts": null
          },
          "sensitive_attributes": [],
          "identity_schema_version": 0,
          "private": "eyJlMmJmYjczMC1lY2FhLTExZTYtOGY4OC0zNDM2M2JjN2M0YzAiOnsiY3JlYXRlIjoxODAwMDAwMDAwMDAwLCJkZWxldGUiOjE4MDAwMDAwMDAwMDAsInJlYWQiOjMwMDAwMDAwMDAwMCwidXBkYXRlIjoxODAwMDAwMDAwMDAwfSwic2NoZW1hX3ZlcnNpb24iOiIwIn0=",
          "dependencies": [
            "azurerm_network_security_group.nsg",
            "azurerm_resource_group.rg",
            "azurerm_subnet.subnet",
            "azurerm_virtual_network.vnet"
          ]
        }
      ]
    },
    {
      "mode": "managed",
      "type": "azurerm_virtual_network",
      "name": "vnet",
      "provider": "provider[\"registry.terraform.io/hashicorp/azurerm\"]",
      "instances": [
        {
          "schema_version": 0,
          "attributes": {
            "address_space": [
              "10.0.0.0/16"
            ],
            "bgp_community": "",
            "ddos_protection_plan": [],
            "dns_servers": [],
            "edge_zone": "",
            "encryption": [],
            "flow_timeout_in_minutes": 0,
            "guid": "a84ef6f5-8eae-488d-bde5-6f2739621e53",
            "id": "/subscriptions/a0cbe0a4-e585-4e94-b04a-15f8e68d5d7a/resourceGroups/mini-finance-rg/providers/Microsoft.Network/virtualNetworks/mini-finance-vnet",
            "location": "uksouth",
            "name": "mini-finance-vnet",
            "resource_group_name": "mini-finance-rg",
            "subnet": [
              {
                "address_prefix": "10.0.1.0/24",
                "id": "/subscriptions/a0cbe0a4-e585-4e94-b04a-15f8e68d5d7a/resourceGroups/mini-finance-rg/providers/Microsoft.Network/virtualNetworks/mini-finance-vnet/subnets/mini-finance-subnet",
                "name": "mini-finance-subnet",
                "security_group": "/subscriptions/a0cbe0a4-e585-4e94-b04a-15f8e68d5d7a/resourceGroups/mini-finance-rg/providers/Microsoft.Network/networkSecurityGroups/mini-finance-nsg"
              }
            ],
            "tags": {},
            "timeouts": null
          },
          "sensitive_attributes": [],
          "identity_schema_version": 0,
          "private": "eyJlMmJmYjczMC1lY2FhLTExZTYtOGY4OC0zNDM2M2JjN2M0YzAiOnsiY3JlYXRlIjoxODAwMDAwMDAwMDAwLCJkZWxldGUiOjE4MDAwMDAwMDAwMDAsInJlYWQiOjMwMDAwMDAwMDAwMCwidXBkYXRlIjoxODAwMDAwMDAwMDAwfSwic2NoZW1hX3ZlcnNpb24iOiIwIn0=",
          "dependencies": [
            "azurerm_resource_group.rg"
          ]
        }
      ]
    }
  ],
  "check_results": null
}
